Microsoft Visual Studio Solution File, Format Version 12.00
# Visual Studio Version 17
VisualStudioVersion = 17.0.31611.283
MinimumVisualStudioVersion = 10.0.40219.1
Project("{9A19103F-16F7-4668-BE54-9A1E7A4F7556}") = "PkmnCalcMauiBlazor", "PokemonCalcMauiBlazor\PkmnCalcMauiBlazor.csproj", "{CDC2D4D3-5CA6-437B-9E1C-E62C9A86F7DC}"
EndProject
Project("{9A19103F-16F7-4668-BE54-9A1E7A4F7556}") = "PokemonTypeLibrary", "PokemonTypeLibrary\PokemonTypeLibrary.csproj", "{084BA887-A478-4CB3-BE4A-9397D98C7383}"
EndProject
Project("{9A19103F-16F7-4668-BE54-9A1E7A4F7556}") = "PkmnCalcMauiBlazor.Tests", "PkmnCalcMauiBlazor.Tests\PkmnCalcMauiBlazor.Tests.csproj", "{72ED6C0A-752A-4D0E-B9E9-28D6BA4B1357}"
EndProject
Global
	GlobalSection(SolutionConfigurationPlatforms) = preSolution
		Debug|Any CPU = Debug|Any CPU
		Debug|ARM64 = Debug|ARM64
		Debug|x64 = Debug|x64
		Release|Any CPU = Release|Any CPU
		Release|ARM64 = Release|ARM64
		Release|x64 = Release|x64
	EndGlobalSection
	GlobalSection(ProjectConfigurationPlatforms) = postSolution
		{CDC2D4D3-5CA6-437B-9E1C-E62C9A86F7DC}.Debug|Any CPU.ActiveCfg = Debug|Any CPU
		{CDC2D4D3-5CA6-437B-9E1C-E62C9A86F7DC}.Debug|Any CPU.Build.0 = Debug|Any CPU
		{CDC2D4D3-5CA6-437B-9E1C-E62C9A86F7DC}.Debug|Any CPU.Deploy.0 = Debug|Any CPU
		{CDC2D4D3-5CA6-437B-9E1C-E62C9A86F7DC}.Debug|ARM64.ActiveCfg = Debug|ARM64
		{CDC2D4D3-5CA6-437B-9E1C-E62C9A86F7DC}.Debug|ARM64.Build.0 = Debug|ARM64
		{CDC2D4D3-5CA6-437B-9E1C-E62C9A86F7DC}.Debug|ARM64.Deploy.0 = Debug|ARM64
		{CDC2D4D3-5CA6-437B-9E1C-E62C9A86F7DC}.Debug|x64.ActiveCfg = Debug|x64
		{CDC2D4D3-5CA6-437B-9E1C-E62C9A86F7DC}.Debug|x64.Build.0 = Debug|x64
		{CDC2D4D3-5CA6-437B-9E1C-E62C9A86F7DC}.Debug|x64.Deploy.0 = Debug|x64
		{CDC2D4D3-5CA6-437B-9E1C-E62C9A86F7DC}.Release|Any CPU.ActiveCfg = Release|Any CPU
		{CDC2D4D3-5CA6-437B-9E1C-E62C9A86F7DC}.Release|Any CPU.Build.0 = Release|Any CPU
		{CDC2D4D3-5CA6-437B-9E1C-E62C9A86F7DC}.Release|Any CPU.Deploy.0 = Release|Any CPU
		{CDC2D4D3-5CA6-437B-9E1C-E62C9A86F7DC}.Release|ARM64.ActiveCfg = Release|ARM64
		{CDC2D4D3-5CA6-437B-9E1C-E62C9A86F7DC}.Release|ARM64.Build.0 = Release|ARM64
		{CDC2D4D3-5CA6-437B-9E1C-E62C9A86F7DC}.Release|ARM64.Deploy.0 = Release|ARM64
		{CDC2D4D3-5CA6-437B-9E1C-E62C9A86F7DC}.Release|x64.ActiveCfg = Release|x64
		{CDC2D4D3-5CA6-437B-9E1C-E62C9A86F7DC}.Release|x64.Build.0 = Release|x64
		{CDC2D4D3-5CA6-437B-9E1C-E62C9A86F7DC}.Release|x64.Deploy.0 = Release|x64
		{084BA887-A478-4CB3-BE4A-9397D98C7383}.Debug|Any CPU.ActiveCfg = Debug|Any CPU
		{084BA887-A478-4CB3-BE4A-9397D98C7383}.Debug|Any CPU.Build.0 = Debug|Any CPU
		{084BA887-A478-4CB3-BE4A-9397D98C7383}.Debug|ARM64.ActiveCfg = Debug|Any CPU
		{084BA887-A478-4CB3-BE4A-9397D98C7383}.Debug|ARM64.Build.0 = Debug|Any CPU
		{084BA887-A478-4CB3-BE4A-9397D98C7383}.Debug|x64.ActiveCfg = Debug|x64
		{084BA887-A478-4CB3-BE4A-9397D98C7383}.Debug|x64.Build.0 = Debug|x64
		{084BA887-A478-4CB3-BE4A-9397D98C7383}.Release|Any CPU.ActiveCfg = Release|Any CPU
		{084BA887-A478-4CB3-BE4A-9397D98C7383}.Release|Any CPU.Build.0 = Release|Any CPU
		{084BA887-A478-4CB3-BE4A-9397D98C7383}.Release|ARM64.ActiveCfg = Release|Any CPU
		{084BA887-A478-4CB3-BE4A-9397D98C7383}.Release|ARM64.Build.0 = Release|Any CPU
		{084BA887-A478-4CB3-BE4A-9397D98C7383}.Release|x64.ActiveCfg = Release|x64
		{084BA887-A478-4CB3-BE4A-9397D98C7383}.Release|x64.Build.0 = Release|x64
		{72ED6C0A-752A-4D0E-B9E9-28D6BA4B1357}.Debug|Any CPU.ActiveCfg = Debug|Any CPU
		{72ED6C0A-752A-4D0E-B9E9-28D6BA4B1357}.Debug|Any CPU.Build.0 = Debug|Any CPU
		{72ED6C0A-752A-4D0E-B9E9-28D6BA4B1357}.Debug|ARM64.ActiveCfg = Debug|Any CPU
		{72ED6C0A-752A-4D0E-B9E9-28D6BA4B1357}.Debug|ARM64.Build.0 = Debug|Any CPU
		{72ED6C0A-752A-4D0E-B9E9-28D6BA4B1357}.Debug|x64.ActiveCfg = Debug|Any CPU
		{72ED6C0A-752A-4D0E-B9E9-28D6BA4B1357}.Debug|x64.Build.0 = Debug|Any CPU
		{72ED6C0A-752A-4D0E-B9E9-28D6BA4B1357}.Release|Any CPU.ActiveCfg = Release|Any CPU
		{72ED6C0A-752A-4D0E-B9E9-28D6BA4B1357}.Release|Any CPU.Build.0 = Release|Any CPU
		{72ED6C0A-752A-4D0E-B9E9-28D6BA4B1357}.Release|ARM64.ActiveCfg = Release|Any CPU
		{72ED6C0A-752A-4D0E-B9E9-28D6BA4B1357}.Release|ARM64.Build.0 = Release|Any CPU
		{72ED6C0A-752A-4D0E-B9E9-28D6BA4B1357}.Release|x64.ActiveCfg = Release|Any CPU
		{72ED6C0A-752A-4D0E-B9E9-28D6BA4B1357}.Release|x64.Build.0 = Release|Any CPU
	EndGlobalSection
	GlobalSection(SolutionProperties) = preSolution
		HideSolutionNode = FALSE
	EndGlobalSection
	GlobalSection(ExtensibilityGlobals) = postSolution
		SolutionGuid = {61F7FB11-1E47-470C-91E2-47F8143E1572}
	EndGlobalSection
EndGlobal
